
Microsoft Visual Studio Solution File, Format Version 12.00
# Visual Studio Version 17
VisualStudioVersion = 17.4.33205.214
MinimumVisualStudioVersion = 10.0.40219.1
Project("{8BC9CEB8-8B4A-11D0-8D11-00A0C91BC942}") = "Engine", "Engine\Engine.vcxproj", "{5ADAB721-CB6C-4EF5-89EB-20EC51A13CFC}"
EndProject
Project("{8BC9CEB8-8B4A-11D0-8D11-00A0C91BC942}") = "L00_Demo_Project", "L00_Demo_Project\L00_Demo_Project.vcxproj", "{FE74AFDB-6F13-4A2E-9B91-E5E002D5CC61}"
	ProjectSection(ProjectDependencies) = postProject
		{5ADAB721-CB6C-4EF5-89EB-20EC51A13CFC} = {5ADAB721-CB6C-4EF5-89EB-20EC51A13CFC}
	EndProjectSection
EndProject
Project("{8BC9CEB8-8B4A-11D0-8D11-00A0C91BC942}") = "CyclingRace", "CyclingRace\CyclingRace.vcxproj", "{CB6435BA-2C4F-4F21-BEB2-5FAEC7594B23}"
EndProject
Project("{8BC9CEB8-8B4A-11D0-8D11-00A0C91BC942}") = "OdinsTrail", "OdinsTrail\OdinsTrail.vcxproj", "{18E57CB9-FBAD-4893-A7C5-3D74C7B87F5E}"
	ProjectSection(ProjectDependencies) = postProject
		{5ADAB721-CB6C-4EF5-89EB-20EC51A13CFC} = {5ADAB721-CB6C-4EF5-89EB-20EC51A13CFC}
	EndProjectSection
EndProject
Project("{8BC9CEB8-8B4A-11D0-8D11-00A0C91BC942}") = "Transformations", "Transformations\Transformations.vcxproj", "{E134E6A3-AF29-4927-9119-889E7FE902ED}"
EndProject
Global
	GlobalSection(SolutionConfigurationPlatforms) = preSolution
		Debug|x64 = Debug|x64
		Debug|x86 = Debug|x86
		Release|x64 = Release|x64
		Release|x86 = Release|x86
	EndGlobalSection
	GlobalSection(ProjectConfigurationPlatforms) = postSolution
		{5ADAB721-CB6C-4EF5-89EB-20EC51A13CFC}.Debug|x64.ActiveCfg = Debug|x64
		{5ADAB721-CB6C-4EF5-89EB-20EC51A13CFC}.Debug|x64.Build.0 = Debug|x64
		{5ADAB721-CB6C-4EF5-89EB-20EC51A13CFC}.Debug|x86.ActiveCfg = Debug|Win32
		{5ADAB721-CB6C-4EF5-89EB-20EC51A13CFC}.Debug|x86.Build.0 = Debug|Win32
		{5ADAB721-CB6C-4EF5-89EB-20EC51A13CFC}.Release|x64.ActiveCfg = Release|x64
		{5ADAB721-CB6C-4EF5-89EB-20EC51A13CFC}.Release|x64.Build.0 = Release|x64
		{5ADAB721-CB6C-4EF5-89EB-20EC51A13CFC}.Release|x86.ActiveCfg = Release|Win32
		{5ADAB721-CB6C-4EF5-89EB-20EC51A13CFC}.Release|x86.Build.0 = Release|Win32
		{FE74AFDB-6F13-4A2E-9B91-E5E002D5CC61}.Debug|x64.ActiveCfg = Debug|x64
		{FE74AFDB-6F13-4A2E-9B91-E5E002D5CC61}.Debug|x64.Build.0 = Debug|x64
		{FE74AFDB-6F13-4A2E-9B91-E5E002D5CC61}.Debug|x86.ActiveCfg = Debug|Win32
		{FE74AFDB-6F13-4A2E-9B91-E5E002D5CC61}.Debug|x86.Build.0 = Debug|Win32
		{FE74AFDB-6F13-4A2E-9B91-E5E002D5CC61}.Release|x64.ActiveCfg = Release|x64
		{FE74AFDB-6F13-4A2E-9B91-E5E002D5CC61}.Release|x64.Build.0 = Release|x64
		{FE74AFDB-6F13-4A2E-9B91-E5E002D5CC61}.Release|x86.ActiveCfg = Release|Win32
		{FE74AFDB-6F13-4A2E-9B91-E5E002D5CC61}.Release|x86.Build.0 = Release|Win32
		{CB6435BA-2C4F-4F21-BEB2-5FAEC7594B23}.Debug|x64.ActiveCfg = Debug|x64
		{CB6435BA-2C4F-4F21-BEB2-5FAEC7594B23}.Debug|x64.Build.0 = Debug|x64
		{CB6435BA-2C4F-4F21-BEB2-5FAEC7594B23}.Debug|x86.ActiveCfg = Debug|Win32
		{CB6435BA-2C4F-4F21-BEB2-5FAEC7594B23}.Debug|x86.Build.0 = Debug|Win32
		{CB6435BA-2C4F-4F21-BEB2-5FAEC7594B23}.Release|x64.ActiveCfg = Release|x64
		{CB6435BA-2C4F-4F21-BEB2-5FAEC7594B23}.Release|x64.Build.0 = Release|x64
		{CB6435BA-2C4F-4F21-BEB2-5FAEC7594B23}.Release|x86.ActiveCfg = Release|Win32
		{CB6435BA-2C4F-4F21-BEB2-5FAEC7594B23}.Release|x86.Build.0 = Release|Win32
		{18E57CB9-FBAD-4893-A7C5-3D74C7B87F5E}.Debug|x64.ActiveCfg = Debug|x64
		{18E57CB9-FBAD-4893-A7C5-3D74C7B87F5E}.Debug|x64.Build.0 = Debug|x64
		{18E57CB9-FBAD-4893-A7C5-3D74C7B87F5E}.Debug|x86.ActiveCfg = Debug|Win32
		{18E57CB9-FBAD-4893-A7C5-3D74C7B87F5E}.Debug|x86.Build.0 = Debug|Win32
		{18E57CB9-FBAD-4893-A7C5-3D74C7B87F5E}.Release|x64.ActiveCfg = Release|x64
		{18E57CB9-FBAD-4893-A7C5-3D74C7B87F5E}.Release|x64.Build.0 = Release|x64
		{18E57CB9-FBAD-4893-A7C5-3D74C7B87F5E}.Release|x86.ActiveCfg = Release|Win32
		{18E57CB9-FBAD-4893-A7C5-3D74C7B87F5E}.Release|x86.Build.0 = Release|Win32
		{E134E6A3-AF29-4927-9119-889E7FE902ED}.Debug|x64.ActiveCfg = Debug|x64
		{E134E6A3-AF29-4927-9119-889E7FE902ED}.Debug|x64.Build.0 = Debug|x64
		{E134E6A3-AF29-4927-9119-889E7FE902ED}.Debug|x86.ActiveCfg = Debug|Win32
		{E134E6A3-AF29-4927-9119-889E7FE902ED}.Debug|x86.Build.0 = Debug|Win32
		{E134E6A3-AF29-4927-9119-889E7FE902ED}.Release|x64.ActiveCfg = Release|x64
		{E134E6A3-AF29-4927-9119-889E7FE902ED}.Release|x64.Build.0 = Release|x64
		{E134E6A3-AF29-4927-9119-889E7FE902ED}.Release|x86.ActiveCfg = Release|Win32
		{E134E6A3-AF29-4927-9119-889E7FE902ED}.Release|x86.Build.0 = Release|Win32
	EndGlobalSection
	GlobalSection(SolutionProperties) = preSolution
		HideSolutionNode = FALSE
	EndGlobalSection
	GlobalSection(ExtensibilityGlobals) = postSolution
		SolutionGuid = {27FA23C0-0475-411E-8608-8E2AD2B00C26}
	EndGlobalSection
EndGlobal
